# THIS IS AN AUTOGENERATED FILE. DO NOT EDIT THIS FILE DIRECTLY.
# yarn lockfile v1


dotenv@^8.2.0:
  version "8.2.0"
  resolved "https://registry.yarnpkg.com/dotenv/-/dotenv-8.2.0.tgz#97e619259ada750eea3e4ea3e26bceea5424b16a"
  integrity sha512-8sJ78ElpbDJBHNeBzUbUVLsqKdccaa/BXF1uPTw3GrvQTBgrQrtObr2mUrE38vzYd8cEv+m/JBfDLioYcfXoaw==

lolhost@^1.0.0-alpha.0:
  version "1.0.0-alpha.0"
  resolved "https://registry.yarnpkg.com/lolhost/-/lolhost-1.0.0-alpha.0.tgz#9bf95e75f092434653a2f7377ee9c268c8d286ac"
  integrity sha512-WDyZuDMp4bJuWXfz9TPIqrrABNGv6zGLCy0CaCcrdR8aCBOrmIOKc7SGVK41gPQP4Sk5XZ83ytmte66cbihbgQ==
  dependencies:
    dotenv "^8.2.0"
